{
  "name": "vite-demo",
  "version": "1.0.0",
  "lockfileVersion": 3,
  "requires": true,
  "packages": {
    "": {
      "name": "vite-demo",
      "version": "1.0.0",
      "license": "ISC",
      "workspaces": [
        "packages/vite"
      ]
    },
    "node_modules/vite": {
      "resolved": "packages/vite",
      "link": true
    },
    "packages/vite": {
      "version": "1.0.0",
      "license": "ISC",
      "bin": {
        "myVite": "bin/index.js"
      }
    }
  }
}
